
Microsoft Visual Studio Solution File, Format Version 12.00
# Visual Studio Version 17
VisualStudioVersion = 17.11.35312.102
MinimumVisualStudioVersion = 10.0.40219.1
Project("{FAE04EC0-301F-11D3-BF4B-00C04F79EFBC}") = "Chapter1-1-1", "Chapter1-1-1\Chapter1-1-1.csproj", "{B842C0B0-A7DC-4E56-AE8B-EA1A92A6EAE2}"
EndProject
Global
	GlobalSection(SolutionConfigurationPlatforms) = preSolution
		Debug|Any CPU = Debug|Any CPU
		Release|Any CPU = Release|Any CPU
	EndGlobalSection
	GlobalSection(ProjectConfigurationPlatforms) = postSolution
		{B842C0B0-A7DC-4E56-AE8B-EA1A92A6EAE2}.Debug|Any CPU.ActiveCfg = Debug|Any CPU
		{B842C0B0-A7DC-4E56-AE8B-EA1A92A6EAE2}.Debug|Any CPU.Build.0 = Debug|Any CPU
		{B842C0B0-A7DC-4E56-AE8B-EA1A92A6EAE2}.Release|Any CPU.ActiveCfg = Release|Any CPU
		{B842C0B0-A7DC-4E56-AE8B-EA1A92A6EAE2}.Release|Any CPU.Build.0 = Release|Any CPU
	EndGlobalSection
	GlobalSection(SolutionProperties) = preSolution
		HideSolutionNode = FALSE
	EndGlobalSection
	GlobalSection(ExtensibilityGlobals) = postSolution
		SolutionGuid = {1682FB86-6F76-4A2D-951B-82D5EFE39381}
	EndGlobalSection
EndGlobal
